github.com/360EntSecGroup-Skylar/excelize v1.4.1 h1:l55mJb6rkkaUzOpSsgEeKYtS6/0gHwBYyfo5Jcjv/Ks=
github.com/360EntSecGroup-Skylar/excelize v1.4.1/go.mod h1:vnax29X2usfl7HHkBrX5EvSCJcmH3dT9luvxzu8iGAE=
github.com/davecgh/go-spew v1.1.1/go.mod h1:J7Y8YcW2NihsgmVo/mv3lAwl/skON4iLHjSsI+c5H38=
github.com/mohae/deepcopy v0.0.0-20170929034955-c48cc78d4826 h1:RWengNIwukTxcDr9M+97sNutRR1RKhG96O6jWumTTnw=
github.com/mohae/deepcopy v0.0.0-20170929034955-c48cc78d4826/go.mod h1:TaXosZuwdSHYgviHp1DAtfrULt5eUgsSMsZf+YrPgl8=
github.com/pmezard/go-difflib v1.0.0/go.mod h1:iKH77koFhYxTK1pcRnkKkqfTogsbg7gZNVY4sRDYZ/4=
github.com/richardlehane/mscfb v1.0.4 h1:WULscsljNPConisD5hR0+OyZjwK46Pfyr6mPu5ZawpM=
github.com/richardlehane/mscfb v1.0.4/go.mod h1:YzVpcZg9czvAuhk9T+a3avCpcFPMUWm7gK3DypaEsUk=
github.com/richardlehane/msoleps v1.0.1 h1:RfrALnSNXzmXLbGct/P2b4xkFz4e8Gmj/0Vj9M9xC1o=
github.com/richardlehane/msoleps v1.0.1/go.mod h1:BWev5JBpU9Ko2WAgmZEuiz4/u3ZYTKbjLycmwiWUfWg=
github.com/stretchr/testify v1.2.3-0.20181224173747-660f15d67dbb/go.mod h1:a8OnRcib4nhh0OaRAV+Yts87kKdq0PP7pXfy6kDkUVs=
github.com/xuri/efp v0.0.0-20220603152613-6918739fd470 h1:6932x8ltq1w4utjmfMPVj09jdMlkY0aiA6+Skbtl3/c=
github.com/xuri/efp v0.0.0-20220603152613-6918739fd470/go.mod h1:ybY/Jr0T0GTCnYjKqmdwxyxn2BQf2RcQIIvex5QldPI=
